
Microsoft Visual Studio Solution File, Format Version 12.00
# Visual Studio Version 16
VisualStudioVersion = 16.0.29411.108
MinimumVisualStudioVersion = 10.0.40219.1
Project("{9A19103F-16F7-4668-BE54-9A1E7A4F7556}") = "SqliteWrapper", "SqliteWrapper\SqliteWrapper.csproj", "{3F7E3E1E-3C40-4046-904C-4DF99BCBB985}"
EndProject
Project("{9A19103F-16F7-4668-BE54-9A1E7A4F7556}") = "Test", "Test\Test.csproj", "{3C09277E-5669-443C-96F9-E50A2D9AB1E4}"
EndProject
Project("{9A19103F-16F7-4668-BE54-9A1E7A4F7556}") = "Test.Dispose", "Test.Dispose\Test.Dispose.csproj", "{C594988D-0940-43CF-B54B-0E3BF0F07E11}"
EndProject
Project("{FAE04EC0-301F-11D3-BF4B-00C04F79EFBC}") = "SampleApp", "SampleApp\SampleApp.csproj", "{AC71A9E6-6224-4F59-9B1F-13FFA8B2BD6E}"
EndProject
Global
	GlobalSection(SolutionConfigurationPlatforms) = preSolution
		Debug|Any CPU = Debug|Any CPU
		Release|Any CPU = Release|Any CPU
	EndGlobalSection
	GlobalSection(ProjectConfigurationPlatforms) = postSolution
		{3F7E3E1E-3C40-4046-904C-4DF99BCBB985}.Debug|Any CPU.ActiveCfg = Debug|Any CPU
		{3F7E3E1E-3C40-4046-904C-4DF99BCBB985}.Debug|Any CPU.Build.0 = Debug|Any CPU
		{3F7E3E1E-3C40-4046-904C-4DF99BCBB985}.Release|Any CPU.ActiveCfg = Release|Any CPU
		{3F7E3E1E-3C40-4046-904C-4DF99BCBB985}.Release|Any CPU.Build.0 = Release|Any CPU
		{3C09277E-5669-443C-96F9-E50A2D9AB1E4}.Debug|Any CPU.ActiveCfg = Debug|Any CPU
		{3C09277E-5669-443C-96F9-E50A2D9AB1E4}.Debug|Any CPU.Build.0 = Debug|Any CPU
		{3C09277E-5669-443C-96F9-E50A2D9AB1E4}.Release|Any CPU.ActiveCfg = Release|Any CPU
		{3C09277E-5669-443C-96F9-E50A2D9AB1E4}.Release|Any CPU.Build.0 = Release|Any CPU
		{C594988D-0940-43CF-B54B-0E3BF0F07E11}.Debug|Any CPU.ActiveCfg = Debug|Any CPU
		{C594988D-0940-43CF-B54B-0E3BF0F07E11}.Debug|Any CPU.Build.0 = Debug|Any CPU
		{C594988D-0940-43CF-B54B-0E3BF0F07E11}.Release|Any CPU.ActiveCfg = Release|Any CPU
		{C594988D-0940-43CF-B54B-0E3BF0F07E11}.Release|Any CPU.Build.0 = Release|Any CPU
		{AC71A9E6-6224-4F59-9B1F-13FFA8B2BD6E}.Debug|Any CPU.ActiveCfg = Debug|Any CPU
		{AC71A9E6-6224-4F59-9B1F-13FFA8B2BD6E}.Debug|Any CPU.Build.0 = Debug|Any CPU
		{AC71A9E6-6224-4F59-9B1F-13FFA8B2BD6E}.Release|Any CPU.ActiveCfg = Release|Any CPU
		{AC71A9E6-6224-4F59-9B1F-13FFA8B2BD6E}.Release|Any CPU.Build.0 = Release|Any CPU
	EndGlobalSection
	GlobalSection(SolutionProperties) = preSolution
		HideSolutionNode = FALSE
	EndGlobalSection
	GlobalSection(ExtensibilityGlobals) = postSolution
		SolutionGuid = {9D0B349A-604A-438A-B52E-C0D89F8A3073}
	EndGlobalSection
EndGlobal
